PODS:
  - AppAuth (1.7.3):
    - AppAuth/Core (= 1.7.3)
    - AppAuth/ExternalUserAgent (= 1.7.3)
  - AppAuth/Core (1.7.3)
  - AppAuth/ExternalUserAgent (1.7.3):
    - AppAuth/Core
  - assets_audio_player (0.0.1):
    - Flutter
  - assets_audio_player_web (0.0.1):
    - Flutter
  - cloud_firestore (4.15.7):
    - Firebase/Firestore (= 10.22.0)
    - firebase_core
    - Flutter
    - nanopb (< 2.30910.0, >= 2.30908.0)
  - cloud_functions (4.6.7):
    - Firebase/Functions (= 10.22.0)
    - firebase_core
    - Flutter
  - DKImagePickerController/Core (4.3.4):
    - DKImagePickerController/ImageDataManager
    - DKImagePickerController/Resource
  - DKImagePickerController/ImageDataManager (4.3.4)
  - DKImagePickerController/PhotoGallery (4.3.4):
    - DKImagePickerController/Core
    - DKPhotoGallery
  - DKImagePickerController/Resource (4.3.4)
  - DKPhotoGallery (0.0.17):
    - DKPhotoGallery/Core (= 0.0.17)
    - DKPhotoGallery/Model (= 0.0.17)
    - DKPhotoGallery/Preview (= 0.0.17)
    - DKPhotoGallery/Resource (= 0.0.17)
    - SDWebImage
    - SwiftyGif
  - DKPhotoGallery/Core (0.0.17):
    - DKPhotoGallery/Model
    - DKPhotoGallery/Preview
    - SDWebImage
    - SwiftyGif
  - DKPhotoGallery/Model (0.0.17):
    - SDWebImage
    - SwiftyGif
  - DKPhotoGallery/Preview (0.0.17):
    - DKPhotoGallery/Model
    - DKPhotoGallery/Resource
    - SDWebImage
    - SwiftyGif
  - DKPhotoGallery/Resource (0.0.17):
    - SDWebImage
    - SwiftyGif
  - file_picker (0.0.1):
    - DKImagePickerController/PhotoGallery
    - Flutter
  - Firebase/Auth (10.22.0):
    - Firebase/CoreOnly
    - FirebaseAuth (~> 10.22.0)
  - Firebase/CoreOnly (10.22.0):
    - FirebaseCore (= 10.22.0)
  - Firebase/DynamicLinks (10.22.0):
    - Firebase/CoreOnly
    - FirebaseDynamicLinks (~> 10.22.0)
  - Firebase/Firestore (10.22.0):
    - Firebase/CoreOnly
    - FirebaseFirestore (~> 10.22.0)
  - Firebase/Functions (10.22.0):
    - Firebase/CoreOnly
    - FirebaseFunctions (~> 10.22.0)
  - Firebase/Messaging (10.22.0):
    - Firebase/CoreOnly
    - FirebaseMessaging (~> 10.22.0)
  - Firebase/Performance (10.22.0):
    - Firebase/CoreOnly
    - FirebasePerformance (~> 10.22.0)
  - Firebase/Storage (10.22.0):
    - Firebase/CoreOnly
    - FirebaseStorage (~> 10.22.0)
  - firebase_auth (4.17.7):
    - Firebase/Auth (= 10.22.0)
    - firebase_core
    - Flutter
  - firebase_core (2.26.0):
    - Firebase/CoreOnly (= 10.22.0)
    - Flutter
  - firebase_dynamic_links (5.4.16):
    - Firebase/DynamicLinks (= 10.22.0)
    - firebase_core
    - Flutter
  - firebase_messaging (14.7.18):
    - Firebase/Messaging (= 10.22.0)
    - firebase_core
    - Flutter
  - firebase_performance (0.9.3-16):
    - Firebase/Performance (= 10.22.0)
    - firebase_core
    - Flutter
  - firebase_storage (11.6.8):
    - Firebase/Storage (= 10.22.0)
    - firebase_core
    - Flutter
  - FirebaseABTesting (10.23.0):
    - FirebaseCore (~> 10.0)
  - FirebaseAppCheckInterop (10.23.0)
  - FirebaseAuth (10.22.0):
    - FirebaseAppCheckInterop (~> 10.17)
    - FirebaseCore (~> 10.0)
    - GoogleUtilities/AppDelegateSwizzler (~> 7.8)
    - GoogleUtilities/Environment (~> 7.8)
    - GTMSessionFetcher/Core (< 4.0, >= 2.1)
    - RecaptchaInterop (~> 100.0)
  - FirebaseAuthInterop (10.23.0)
  - FirebaseCore (10.22.0):
    - FirebaseCoreInternal (~> 10.0)
    - GoogleUtilities/Environment (~> 7.12)
    - GoogleUtilities/Logger (~> 7.12)
  - FirebaseCoreExtension (10.22.0):
    - FirebaseCore (~> 10.0)
  - FirebaseCoreInternal (10.23.0):
    - "GoogleUtilities/NSData+zlib (~> 7.8)"
  - FirebaseDynamicLinks (10.22.0):
    - FirebaseCore (~> 10.0)
  - FirebaseFirestore (10.22.0):
    - FirebaseFirestoreBinary (= 10.22.0)
  - FirebaseFirestoreAbseilBinary (1.2022062300.0)
  - FirebaseFirestoreBinary (10.22.0):
    - FirebaseCore (= 10.22.0)
    - FirebaseCoreExtension (= 10.22.0)
    - FirebaseFirestoreInternalBinary (= 10.22.0)
    - FirebaseSharedSwift (= 10.22.0)
  - FirebaseFirestoreGRPCBoringSSLBinary (1.49.1)
  - FirebaseFirestoreGRPCCoreBinary (1.49.1):
    - FirebaseFirestoreAbseilBinary (= 1.2022062300.0)
    - FirebaseFirestoreGRPCBoringSSLBinary (= 1.49.1)
  - FirebaseFirestoreGRPCCPPBinary (1.49.1):
    - FirebaseFirestoreAbseilBinary (= 1.2022062300.0)
    - FirebaseFirestoreGRPCCoreBinary (= 1.49.1)
  - FirebaseFirestoreInternalBinary (10.22.0):
    - FirebaseCore (= 10.22.0)
    - FirebaseFirestoreAbseilBinary (= 1.2022062300.0)
    - FirebaseFirestoreGRPCCPPBinary (= 1.49.1)
    - leveldb-library (~> 1.22)
    - nanopb (< 2.30911.0, >= 2.30908.0)
  - FirebaseFunctions (10.22.0):
    - FirebaseAppCheckInterop (~> 10.10)
    - FirebaseAuthInterop (~> 10.0)
    - FirebaseCore (~> 10.0)
    - FirebaseCoreExtension (~> 10.0)
    - FirebaseMessagingInterop (~> 10.0)
    - FirebaseSharedSwift (~> 10.0)
    - GTMSessionFetcher/Core (< 4.0, >= 2.1)
  - FirebaseInstallations (10.23.0):
    - FirebaseCore (~> 10.0)
    - GoogleUtilities/Environment (~> 7.8)
    - GoogleUtilities/UserDefaults (~> 7.8)
    - PromisesObjC (~> 2.1)
  - FirebaseMessaging (10.22.0):
    - FirebaseCore (~> 10.0)
    - FirebaseInstallations (~> 10.0)
    - GoogleDataTransport (~> 9.3)
    - GoogleUtilities/AppDelegateSwizzler (~> 7.8)
    - GoogleUtilities/Environment (~> 7.8)
    - GoogleUtilities/Reachability (~> 7.8)
    - GoogleUtilities/UserDefaults (~> 7.8)
    - nanopb (< 2.30911.0, >= 2.30908.0)
  - FirebaseMessagingInterop (10.23.0)
  - FirebasePerformance (10.22.0):
    - FirebaseCore (~> 10.5)
    - FirebaseInstallations (~> 10.0)
    - FirebaseRemoteConfig (~> 10.0)
    - FirebaseSessions (~> 10.5)
    - GoogleDataTransport (~> 9.2)
    - GoogleUtilities/Environment (~> 7.8)
    - GoogleUtilities/ISASwizzler (~> 7.8)
    - GoogleUtilities/MethodSwizzler (~> 7.8)
    - nanopb (< 2.30911.0, >= 2.30908.0)
  - FirebaseRemoteConfig (10.23.0):
    - FirebaseABTesting (~> 10.0)
    - FirebaseCore (~> 10.0)
    - FirebaseInstallations (~> 10.0)
    - FirebaseRemoteConfigInterop (~> 10.23)
    - FirebaseSharedSwift (~> 10.0)
    - GoogleUtilities/Environment (~> 7.8)
    - "GoogleUtilities/NSData+zlib (~> 7.8)"
  - FirebaseRemoteConfigInterop (10.23.0)
  - FirebaseSessions (10.23.0):
    - FirebaseCore (~> 10.5)
    - FirebaseCoreExtension (~> 10.0)
    - FirebaseInstallations (~> 10.0)
    - GoogleDataTransport (~> 9.2)
    - GoogleUtilities/Environment (~> 7.10)
    - nanopb (< 2.30911.0, >= 2.30908.0)
    - PromisesSwift (~> 2.1)
  - FirebaseSharedSwift (10.22.0)
  - FirebaseStorage (10.22.0):
    - FirebaseAppCheckInterop (~> 10.0)
    - FirebaseAuthInterop (~> 10.0)
    - FirebaseCore (~> 10.0)
    - FirebaseCoreExtension (~> 10.0)
    - GTMSessionFetcher/Core (< 4.0, >= 2.1)
  - Flutter (1.0.0)
  - flutter_keyboard_visibility (0.0.1):
    - Flutter
  - flutter_native_splash (0.0.1):
    - Flutter
  - FMDB (2.7.9):
    - FMDB/standard (= 2.7.9)
  - FMDB/standard (2.7.9)
  - google_sign_in_ios (0.0.1):
    - Flutter
    - GoogleSignIn (~> 6.2)
  - GoogleDataTransport (9.4.1):
    - GoogleUtilities/Environment (~> 7.7)
    - nanopb (< 2.30911.0, >= 2.30908.0)
    - PromisesObjC (< 3.0, >= 1.2)
  - GoogleSignIn (6.2.4):
    - AppAuth (~> 1.5)
    - GTMAppAuth (~> 1.3)
    - GTMSessionFetcher/Core (< 3.0, >= 1.1)
  - GoogleUtilities (7.13.0):
    - GoogleUtilities/AppDelegateSwizzler (= 7.13.0)
    - GoogleUtilities/Environment (= 7.13.0)
    - GoogleUtilities/ISASwizzler (= 7.13.0)
    - GoogleUtilities/Logger (= 7.13.0)
    - GoogleUtilities/MethodSwizzler (= 7.13.0)
    - GoogleUtilities/Network (= 7.13.0)
    - "GoogleUtilities/NSData+zlib (= 7.13.0)"
    - GoogleUtilities/Privacy (= 7.13.0)
    - GoogleUtilities/Reachability (= 7.13.0)
    - GoogleUtilities/SwizzlerTestHelpers (= 7.13.0)
    - GoogleUtilities/UserDefaults (= 7.13.0)
  - GoogleUtilities/AppDelegateSwizzler (7.13.0):
    - GoogleUtilities/Environment
    - GoogleUtilities/Logger
    - GoogleUtilities/Network
    - GoogleUtilities/Privacy
  - GoogleUtilities/Environment (7.13.0):
    - GoogleUtilities/Privacy
    - PromisesObjC (< 3.0, >= 1.2)
  - GoogleUtilities/ISASwizzler (7.13.0):
    - GoogleUtilities/Privacy
  - GoogleUtilities/Logger (7.13.0):
    - GoogleUtilities/Environment
    - GoogleUtilities/Privacy
  - GoogleUtilities/MethodSwizzler (7.13.0):
    - GoogleUtilities/Logger
    - GoogleUtilities/Privacy
  - GoogleUtilities/Network (7.13.0):
    - GoogleUtilities/Logger
    - "GoogleUtilities/NSData+zlib"
    - GoogleUtilities/Privacy
    - GoogleUtilities/Reachability
  - "GoogleUtilities/NSData+zlib (7.13.0)":
    - GoogleUtilities/Privacy
  - GoogleUtilities/Privacy (7.13.0)
  - GoogleUtilities/Reachability (7.13.0):
    - GoogleUtilities/Logger
    - GoogleUtilities/Privacy
  - GoogleUtilities/SwizzlerTestHelpers (7.13.0):
    - GoogleUtilities/MethodSwizzler
  - GoogleUtilities/UserDefaults (7.13.0):
    - GoogleUtilities/Logger
    - GoogleUtilities/Privacy
  - GTMAppAuth (1.3.1):
    - AppAuth/Core (~> 1.6)
    - GTMSessionFetcher/Core (< 3.0, >= 1.5)
  - GTMSessionFetcher/Core (2.3.0)
  - image_picker_ios (0.0.1):
    - Flutter
  - launch_review (0.0.1):
    - Flutter
  - leveldb-library (1.22.4)
  - nanopb (2.30909.1):
    - nanopb/decode (= 2.30909.1)
    - nanopb/encode (= 2.30909.1)
  - nanopb/decode (2.30909.1)
  - nanopb/encode (2.30909.1)
  - path_provider_foundation (0.0.1):
    - Flutter
    - FlutterMacOS
  - permission_handler_apple (9.3.0):
    - Flutter
  - PromisesObjC (2.4.0)
  - PromisesSwift (2.4.0):
    - PromisesObjC (= 2.4.0)
  - purchases_flutter (6.0.0):
    - Flutter
    - PurchasesHybridCommon (= 7.0.0)
  - PurchasesHybridCommon (7.0.0):
    - RevenueCat (= 4.27.0)
  - RecaptchaInterop (100.0.0)
  - RevenueCat (4.27.0)
  - screen_protector (1.2.1):
    - Flutter
    - ScreenProtectorKit (~> 1.3.1)
  - ScreenProtectorKit (1.3.1)
  - SDWebImage (5.19.1):
    - SDWebImage/Core (= 5.19.1)
  - SDWebImage/Core (5.19.1)
  - share_plus (0.0.1):
    - Flutter
  - shared_preferences_foundation (0.0.1):
    - Flutter
    - FlutterMacOS
  - sign_in_with_apple (0.0.1):
    - Flutter
  - sqflite (0.0.2):
    - Flutter
    - FMDB (>= 2.7.5)
  - SwiftyGif (5.4.5)
  - url_launcher_ios (0.0.1):
    - Flutter
  - video_player_avfoundation (0.0.1):
    - Flutter
    - FlutterMacOS

DEPENDENCIES:
  - assets_audio_player (from `.symlinks/plugins/assets_audio_player/ios`)
  - assets_audio_player_web (from `.symlinks/plugins/assets_audio_player_web/ios`)
  - cloud_firestore (from `.symlinks/plugins/cloud_firestore/ios`)
  - cloud_functions (from `.symlinks/plugins/cloud_functions/ios`)
  - file_picker (from `.symlinks/plugins/file_picker/ios`)
  - Firebase/Messaging
  - firebase_auth (from `.symlinks/plugins/firebase_auth/ios`)
  - firebase_core (from `.symlinks/plugins/firebase_core/ios`)
  - firebase_dynamic_links (from `.symlinks/plugins/firebase_dynamic_links/ios`)
  - firebase_messaging (from `.symlinks/plugins/firebase_messaging/ios`)
  - firebase_performance (from `.symlinks/plugins/firebase_performance/ios`)
  - firebase_storage (from `.symlinks/plugins/firebase_storage/ios`)
  - FirebaseFirestore (from `https://github.com/invertase/firestore-ios-sdk-frameworks.git`, tag `10.22.0`)
  - Flutter (from `Flutter`)
  - flutter_keyboard_visibility (from `.symlinks/plugins/flutter_keyboard_visibility/ios`)
  - flutter_native_splash (from `.symlinks/plugins/flutter_native_splash/ios`)
  - google_sign_in_ios (from `.symlinks/plugins/google_sign_in_ios/ios`)
  - GoogleUtilities
  - image_picker_ios (from `.symlinks/plugins/image_picker_ios/ios`)
  - launch_review (from `.symlinks/plugins/launch_review/ios`)
  - path_provider_foundation (from `.symlinks/plugins/path_provider_foundation/darwin`)
  - permission_handler_apple (from `.symlinks/plugins/permission_handler_apple/ios`)
  - purchases_flutter (from `.symlinks/plugins/purchases_flutter/ios`)
  - screen_protector (from `.symlinks/plugins/screen_protector/ios`)
  - share_plus (from `.symlinks/plugins/share_plus/ios`)
  - shared_preferences_foundation (from `.symlinks/plugins/shared_preferences_foundation/darwin`)
  - sign_in_with_apple (from `.symlinks/plugins/sign_in_with_apple/ios`)
  - sqflite (from `.symlinks/plugins/sqflite/ios`)
  - url_launcher_ios (from `.symlinks/plugins/url_launcher_ios/ios`)
  - video_player_avfoundation (from `.symlinks/plugins/video_player_avfoundation/darwin`)

SPEC REPOS:
  trunk:
    - AppAuth
    - DKImagePickerController
    - DKPhotoGallery
    - Firebase
    - FirebaseABTesting
    - FirebaseAppCheckInterop
    - FirebaseAuth
    - FirebaseAuthInterop
    - FirebaseCore
    - FirebaseCoreExtension
    - FirebaseCoreInternal
    - FirebaseDynamicLinks
    - FirebaseFirestoreAbseilBinary
    - FirebaseFirestoreBinary
    - FirebaseFirestoreGRPCBoringSSLBinary
    - FirebaseFirestoreGRPCCoreBinary
    - FirebaseFirestoreGRPCCPPBinary
    - FirebaseFirestoreInternalBinary
    - FirebaseFunctions
    - FirebaseInstallations
    - FirebaseMessaging
    - FirebaseMessagingInterop
    - FirebasePerformance
    - FirebaseRemoteConfig
    - FirebaseRemoteConfigInterop
    - FirebaseSessions
    - FirebaseSharedSwift
    - FirebaseStorage
    - FMDB
    - GoogleDataTransport
    - GoogleSignIn
    - GoogleUtilities
    - GTMAppAuth
    - GTMSessionFetcher
    - leveldb-library
    - nanopb
    - PromisesObjC
    - PromisesSwift
    - PurchasesHybridCommon
    - RecaptchaInterop
    - RevenueCat
    - ScreenProtectorKit
    - SDWebImage
    - SwiftyGif

EXTERNAL SOURCES:
  assets_audio_player:
    :path: ".symlinks/plugins/assets_audio_player/ios"
  assets_audio_player_web:
    :path: ".symlinks/plugins/assets_audio_player_web/ios"
  cloud_firestore:
    :path: ".symlinks/plugins/cloud_firestore/ios"
  cloud_functions:
    :path: ".symlinks/plugins/cloud_functions/ios"
  file_picker:
    :path: ".symlinks/plugins/file_picker/ios"
  firebase_auth:
    :path: ".symlinks/plugins/firebase_auth/ios"
  firebase_core:
    :path: ".symlinks/plugins/firebase_core/ios"
  firebase_dynamic_links:
    :path: ".symlinks/plugins/firebase_dynamic_links/ios"
  firebase_messaging:
    :path: ".symlinks/plugins/firebase_messaging/ios"
  firebase_performance:
    :path: ".symlinks/plugins/firebase_performance/ios"
  firebase_storage:
    :path: ".symlinks/plugins/firebase_storage/ios"
  FirebaseFirestore:
    :git: https://github.com/invertase/firestore-ios-sdk-frameworks.git
    :tag: 10.22.0
  Flutter:
    :path: Flutter
  flutter_keyboard_visibility:
    :path: ".symlinks/plugins/flutter_keyboard_visibility/ios"
  flutter_native_splash:
    :path: ".symlinks/plugins/flutter_native_splash/ios"
  google_sign_in_ios:
    :path: ".symlinks/plugins/google_sign_in_ios/ios"
  image_picker_ios:
    :path: ".symlinks/plugins/image_picker_ios/ios"
  launch_review:
    :path: ".symlinks/plugins/launch_review/ios"
  path_provider_foundation:
    :path: ".symlinks/plugins/path_provider_foundation/darwin"
  permission_handler_apple:
    :path: ".symlinks/plugins/permission_handler_apple/ios"
  purchases_flutter:
    :path: ".symlinks/plugins/purchases_flutter/ios"
  screen_protector:
    :path: ".symlinks/plugins/screen_protector/ios"
  share_plus:
    :path: ".symlinks/plugins/share_plus/ios"
  shared_preferences_foundation:
    :path: ".symlinks/plugins/shared_preferences_foundation/darwin"
  sign_in_with_apple:
    :path: ".symlinks/plugins/sign_in_with_apple/ios"
  sqflite:
    :path: ".symlinks/plugins/sqflite/ios"
  url_launcher_ios:
    :path: ".symlinks/plugins/url_launcher_ios/ios"
  video_player_avfoundation:
    :path: ".symlinks/plugins/video_player_avfoundation/darwin"

CHECKOUT OPTIONS:
  FirebaseFirestore:
    :git: https://github.com/invertase/firestore-ios-sdk-frameworks.git
    :tag: 10.22.0

SPEC CHECKSUMS:
  AppAuth: a13994980c1ec792f7e2e665acd4d4aa6be43240
  assets_audio_player: edee322b9cb625571b830b35872ead1a295fd917
  assets_audio_player_web: 19826380c44375761aa0b9053665c1e3fbc3b86b
  cloud_firestore: 204a2db57e7249e0cbbeee32d510580280b13016
  cloud_functions: 038ea30a247f20a9b57c1c27fe5efbeb619cfb53
  DKImagePickerController: b512c28220a2b8ac7419f21c491fc8534b7601ac
  DKPhotoGallery: fdfad5125a9fdda9cc57df834d49df790dbb4179
  file_picker: 15fd9539e4eb735dc54bae8c0534a7a9511a03de
  Firebase: 797fd7297b7e1be954432743a0b3f90038e45a71
  firebase_auth: cd5d79ba9a9a81151066d75f7cc8f6e698e33ed9
  firebase_core: 8e100adc478919c6f3224f854ce8fa0bd98e36fd
  firebase_dynamic_links: bd6f03814f08c7e4226f1c274432e71dc2e215d8
  firebase_messaging: e41899318940eb03dd3d97f1c04de128019f92d6
  firebase_performance: 96bba18922dca0d04ddc11de447634f7e7b90626
  firebase_storage: 5809616b52f880323979b2d45fc928413a384750
  FirebaseABTesting: aec61ed9a34d85a95e2013a3fdf051426a2419df
  FirebaseAppCheckInterop: a1955ce8c30f38f87e7d091630e871e91154d65d
  FirebaseAuth: bbe4c68f958504ba9e54aee181adbdf5b664fbc6
  FirebaseAuthInterop: a458e398bb1e9b71b9b42d46e54acc666b021d0f
  FirebaseCore: 0326ec9b05fbed8f8716cddbf0e36894a13837f7
  FirebaseCoreExtension: 6394c00b887d0bebadbc7049c464aa0cbddc5d41
  FirebaseCoreInternal: 6a292e6f0bece1243a737e81556e56e5e19282e3
  FirebaseDynamicLinks: 25ed0e87b0afb4769cc0ec8e942a532219abac28
  FirebaseFirestore: 6a8bd88aedb9def0411f53e03b564278685fed93
  FirebaseFirestoreAbseilBinary: fc2004a2da6b5978e974ca49c2e463f5e542a78f
  FirebaseFirestoreBinary: c59e4adb329348a5a2479614f718c5b4f7429d5b
  FirebaseFirestoreGRPCBoringSSLBinary: 85a615c0b7e97173d6af581c9879baac663d9743
  FirebaseFirestoreGRPCCoreBinary: bf6ed68cea8ad7b24ba091b53374e91a5211a91f
  FirebaseFirestoreGRPCCPPBinary: cff111ba3ae5bea45a6562e8bd8750d4a7e2ebc6
  FirebaseFirestoreInternalBinary: 5f38434cc9b36a6897a616a14e85d00c890c5634
  FirebaseFunctions: e1250e790106ecaeb6b1aba4c4bc0afe6ae80ede
  FirebaseInstallations: 42d6ead4605d6eafb3b6683674e80e18eb6f2c35
  FirebaseMessaging: 9f71037fd9db3376a4caa54e5a3949d1027b4b6e
  FirebaseMessagingInterop: 4e285daa3ec0522b06c11a675d0c8b952c304689
  FirebasePerformance: 095debad1fc8d7d73148a835fcaec9e528946166
  FirebaseRemoteConfig: 70ebe9542cf5242d762d1c0b4d53bfc472e0a4ce
  FirebaseRemoteConfigInterop: cbc87ffa4932719a7911a08e94510f18f026f5a7
  FirebaseSessions: f06853e30f99fe42aa511014d7ee6c8c319f08a3
  FirebaseSharedSwift: 48076404e6e52372290d15a07d2ed1d2f1754023
  FirebaseStorage: bc7bddc743548a89cfb896843a77cf4bdde2c231
  Flutter: e0871f40cf51350855a761d2e70bf5af5b9b5de7
  flutter_keyboard_visibility: 0339d06371254c3eb25eeb90ba8d17dca8f9c069
  flutter_native_splash: 52501b97d1c0a5f898d687f1646226c1f93c56ef
  FMDB: aa44149f6fb634b1ac54f64f47064bb0d0c5a032
  google_sign_in_ios: 1256ff9d941db546373826966720b0c24804bcdd
  GoogleDataTransport: 6c09b596d841063d76d4288cc2d2f42cc36e1e2a
  GoogleSignIn: 5651ce3a61e56ca864160e79b484cd9ed3f49b7a
  GoogleUtilities: d053d902a8edaa9904e1bd00c37535385b8ed152
  GTMAppAuth: 0ff230db599948a9ad7470ca667337803b3fc4dd
  GTMSessionFetcher: 3a63d75eecd6aa32c2fc79f578064e1214dfdec2
  image_picker_ios: 4a8aadfbb6dc30ad5141a2ce3832af9214a705b5
  launch_review: 75d5a956ba8eaa493e9c9d4bf4c05e505e8d5ed0
  leveldb-library: 06a69cc7582d64b29424a63e085e683cc188230a
  nanopb: d4d75c12cd1316f4a64e3c6963f879ecd4b5e0d5
  path_provider_foundation: c68054786f1b4f3343858c1e1d0caaded73f0be9
  permission_handler_apple: 9878588469a2b0d0fc1e048d9f43605f92e6cec2
  PromisesObjC: f5707f49cb48b9636751c5b2e7d227e43fba9f47
  PromisesSwift: 9d77319bbe72ebf6d872900551f7eeba9bce2851
  purchases_flutter: 549ccfbbaf5e7cd195043c714b69a35e278c00f1
  PurchasesHybridCommon: af3b2413f9cb999bc1fdca44770bdaf39dfb89fa
  RecaptchaInterop: 7d1a4a01a6b2cb1610a47ef3f85f0c411434cb21
  RevenueCat: 84fbe2eb9bbf63e1abf346ccd3ff9ee45d633e3b
  screen_protector: 6f92086bd2f2f4b54f54913289b9d1310610140b
  ScreenProtectorKit: 83a6281b02c7a5902ee6eac4f5045f674e902ae4
  SDWebImage: 40b0b4053e36c660a764958bff99eed16610acbb
  share_plus: c3fef564749587fc939ef86ffb283ceac0baf9f5
  shared_preferences_foundation: 5b919d13b803cadd15ed2dc053125c68730e5126
  sign_in_with_apple: f3bf75217ea4c2c8b91823f225d70230119b8440
  sqflite: 6d358c025f5b867b29ed92fc697fd34924e11904
  SwiftyGif: 706c60cf65fa2bc5ee0313beece843c8eb8194d4
  url_launcher_ios: 6116280ddcfe98ab8820085d8d76ae7449447586
  video_player_avfoundation: 8563f13d8fc8b2c29dc2d09e60b660e4e8128837

PODFILE CHECKSUM: 6a2e31ae9c962c8d5fac8184786df75dbfb7ffbc

COCOAPODS: 1.15.2
